
Microsoft Visual Studio Solution File, Format Version 12.00
# Visual Studio Version 16
VisualStudioVersion = 16.0.31025.194
MinimumVisualStudioVersion = 10.0.40219.1
Project("{FAE04EC0-301F-11D3-BF4B-00C04F79EFBC}") = "DesafioTeylor", "DesafioTeylor.csproj", "{7870FCE2-7B5D-4AFC-92CE-81C4B917A4AB}"
EndProject
Global
	GlobalSection(SolutionConfigurationPlatforms) = preSolution
		Debug|Any CPU = Debug|Any CPU
		Release|Any CPU = Release|Any CPU
	EndGlobalSection
	GlobalSection(ProjectConfigurationPlatforms) = postSolution
		{7870FCE2-7B5D-4AFC-92CE-81C4B917A4AB}.Debug|Any CPU.ActiveCfg = Debug|Any CPU
		{7870FCE2-7B5D-4AFC-92CE-81C4B917A4AB}.Debug|Any CPU.Build.0 = Debug|Any CPU
		{7870FCE2-7B5D-4AFC-92CE-81C4B917A4AB}.Release|Any CPU.ActiveCfg = Release|Any CPU
		{7870FCE2-7B5D-4AFC-92CE-81C4B917A4AB}.Release|Any CPU.Build.0 = Release|Any CPU
	EndGlobalSection
	GlobalSection(SolutionProperties) = preSolution
		HideSolutionNode = FALSE
	EndGlobalSection
	GlobalSection(ExtensibilityGlobals) = postSolution
		SolutionGuid = {91CC2D3A-B57A-420D-893D-44CE3B9DED40}
	EndGlobalSection
EndGlobal
